// !$*UTF8*$!
{
	archiveVersion = 1;
	classes = {
	};
	objectVersion = 56;
	objects = {

/* Begin PBXBuildFile section */
		94890DA52981003D006EAB75 /* AppDelegate.mm in Sources */ = {isa = PBXBuildFile; fileRef = 94890DA42981003D006EAB75 /* AppDelegate.mm */; };
		94890DA72981003E006EAB75 /* Assets.xcassets in Resources */ = {isa = PBXBuildFile; fileRef = 94890DA62981003E006EAB75 /* Assets.xcassets */; };
		94890DAA2981003E006EAB75 /* MainMenu.xib in Resources */ = {isa = PBXBuildFile; fileRef = 94890DA82981003E006EAB75 /* MainMenu.xib */; };
		94890DAC2981003E006EAB75 /* main.m in Sources */ = {isa = PBXBuildFile; fileRef = 94890DAB2981003E006EAB75 /* main.m */; };
		94890DD5298111D1006EAB75 /* easywsclient.cpp in Sources */ = {isa = PBXBuildFile; fileRef = 94890DD3298111D1006EAB75 /* easywsclient.cpp */; };
		94890E392981DB38006EAB75 /* yatest.cpp in Sources */ = {isa = PBXBuildFile; fileRef = 94890E372981DB38006EAB75 /* yatest.cpp */; };
/* End PBXBuildFile section */

/* Begin PBXFileReference section */
		94890DA02981003D006EAB75 /* obs-websocket-example.app */ = {isa = PBXFileReference; explicitFileType = wrapper.application; includeInIndex = 0; path = "obs-websocket-example.app"; sourceTree = BUILT_PRODUCTS_DIR; };
		94890DA32981003D006EAB75 /* AppDelegate.h */ = {isa = PBXFileReference; lastKnownFileType = sourcecode.c.h; path = AppDelegate.h; sourceTree = "<group>"; };
		94890DA42981003D006EAB75 /* AppDelegate.mm */ = {isa = PBXFileReference; lastKnownFileType = sourcecode.cpp.objcpp; path = AppDelegate.mm; sourceTree = "<group>"; };
		94890DA62981003E006EAB75 /* Assets.xcassets */ = {isa = PBXFileReference; lastKnownFileType = folder.assetcatalog; path = Assets.xcassets; sourceTree = "<group>"; };
		94890DA92981003E006EAB75 /* Base */ = {isa = PBXFileReference; lastKnownFileType = file.xib; name = Base; path = Base.lproj/MainMenu.xib; sourceTree = "<group>"; };
		94890DAB2981003E006EAB75 /* main.m */ = {isa = PBXFileReference; lastKnownFileType = sourcecode.c.objc; path = main.m; sourceTree = "<group>"; };
		94890DAD2981003E006EAB75 /* obs_websocket_example.entitlements */ = {isa = PBXFileReference; lastKnownFileType = text.plist.entitlements; path = obs_websocket_example.entitlements; sourceTree = "<group>"; };
		94890DD3298111D1006EAB75 /* easywsclient.cpp */ = {isa = PBXFileReference; fileEncoding = 4; lastKnownFileType = sourcecode.cpp.cpp; path = easywsclient.cpp; sourceTree = "<group>"; };
		94890DD4298111D1006EAB75 /* easywsclient.hpp */ = {isa = PBXFileReference; fileEncoding = 4; lastKnownFileType = sourcecode.cpp.h; path = easywsclient.hpp; sourceTree = "<group>"; };
		94890E372981DB38006EAB75 /* yatest.cpp */ = {isa = PBXFileReference; lastKnownFileType = sourcecode.cpp.cpp; path = yatest.cpp; sourceTree = "<group>"; };
		94890E382981DB38006EAB75 /* yatest.hpp */ = {isa = PBXFileReference; lastKnownFileType = sourcecode.cpp.h; path = yatest.hpp; sourceTree = "<group>"; };
/* End PBXFileReference section */

/* Begin PBXFrameworksBuildPhase section */
		94890D9D2981003D006EAB75 /* Frameworks */ = {
			isa = PBXFrameworksBuildPhase;
			buildActionMask = 2147483647;
			files = (
			);
			runOnlyForDeploymentPostprocessing = 0;
		};
/* End PBXFrameworksBuildPhase section */

/* Begin PBXGroup section */
		94890D972981003D006EAB75 = {
			isa = PBXGroup;
			children = (
				94890DA22981003D006EAB75 /* obs-websocket-example */,
				94890DA12981003D006EAB75 /* Products */,
			);
			sourceTree = "<group>";
		};
		94890DA12981003D006EAB75 /* Products */ = {
			isa = PBXGroup;
			children = (
				94890DA02981003D006EAB75 /* obs-websocket-example.app */,
			);
			name = Products;
			sourceTree = "<group>";
		};
		94890DA22981003D006EAB75 /* obs-websocket-example */ = {
			isa = PBXGroup;
			children = (
				94890DA32981003D006EAB75 /* AppDelegate.h */,
				94890DA42981003D006EAB75 /* AppDelegate.mm */,
				94890DA62981003E006EAB75 /* Assets.xcassets */,
				94890DA82981003E006EAB75 /* MainMenu.xib */,
				94890DAB2981003E006EAB75 /* main.m */,
				94890DAD2981003E006EAB75 /* obs_websocket_example.entitlements */,
				94890DD3298111D1006EAB75 /* easywsclient.cpp */,
				94890DD4298111D1006EAB75 /* easywsclient.hpp */,
				94890E372981DB38006EAB75 /* yatest.cpp */,
				94890E382981DB38006EAB75 /* yatest.hpp */,
			);
			path = "obs-websocket-example";
			sourceTree = "<group>";
		};
/* End PBXGroup section */

/* Begin PBXNativeTarget section */
		94890D9F2981003D006EAB75 /* obs-websocket-example */ = {
			isa = PBXNativeTarget;
			buildConfigurationList = 94890DB02981003E006EAB75 /* Build configuration list for PBXNativeTarget "obs-websocket-example" */;
			buildPhases = (
				94890D9C2981003D006EAB75 /* Sources */,
				94890D9D2981003D006EAB75 /* Frameworks */,
				94890D9E2981003D006EAB75 /* Resources */,
			);
			buildRules = (
			);
			dependencies = (
			);
			name = "obs-websocket-example";
			productName = "obs-websocket-example";
			productReference = 94890DA02981003D006EAB75 /* obs-websocket-example.app */;
			productType = "com.apple.product-type.application";
		};
/* End PBXNativeTarget section */

/* Begin PBXProject section */
		94890D982981003D006EAB75 /* Project object */ = {
			isa = PBXProject;
			attributes = {
				BuildIndependentTargetsInParallel = 1;
				LastUpgradeCheck = 1410;
				TargetAttributes = {
					94890D9F2981003D006EAB75 = {
						CreatedOnToolsVersion = 14.1;
					};
				};
			};
			buildConfigurationList = 94890D9B2981003D006EAB75 /* Build configuration list for PBXProject "obs-websocket-example" */;
			compatibilityVersion = "Xcode 14.0";
			developmentRegion = en;
			hasScannedForEncodings = 0;
			knownRegions = (
				en,
				Base,
			);
			mainGroup = 94890D972981003D006EAB75;
			productRefGroup = 94890DA12981003D006EAB75 /* Products */;
			projectDirPath = "";
			projectRoot = "";
			targets = (
				94890D9F2981003D006EAB75 /* obs-websocket-example */,
			);
		};
/* End PBXProject section */

/* Begin PBXResourcesBuildPhase section */
		94890D9E2981003D006EAB75 /* Resources */ = {
			isa = PBXResourcesBuildPhase;
			buildActionMask = 2147483647;
			files = (
				94890DA72981003E006EAB75 /* Assets.xcassets in Resources */,
				94890DAA2981003E006EAB75 /* MainMenu.xib in Resources */,
			);
			runOnlyForDeploymentPostprocessing = 0;
		};
/* End PBXResourcesBuildPhase section */

/* Begin PBXSourcesBuildPhase section */
		94890D9C2981003D006EAB75 /* Sources */ = {
			isa = PBXSourcesBuildPhase;
			buildActionMask = 2147483647;
			files = (
				94890DD5298111D1006EAB75 /* easywsclient.cpp in Sources */,
				94890E392981DB38006EAB75 /* yatest.cpp in Sources */,
				94890DAC2981003E006EAB75 /* main.m in Sources */,
				94890DA52981003D006EAB75 /* AppDelegate.mm in Sources */,
			);
			runOnlyForDeploymentPostprocessing = 0;
		};
/* End PBXSourcesBuildPhase section */

/* Begin PBXVariantGroup section */
		94890DA82981003E006EAB75 /* MainMenu.xib */ = {
			isa = PBXVariantGroup;
			children = (
				94890DA92981003E006EAB75 /* Base */,
			);
			name = MainMenu.xib;
			sourceTree = "<group>";
		};
/* End PBXVariantGroup section */

/* Begin XCBuildConfiguration section */
		94890DAE2981003E006EAB75 /* Debug */ = {
			isa = XCBuildConfiguration;
			buildSettings = {
				ALWAYS_SEARCH_USER_PATHS = NO;
				CLANG_ANALYZER_NONNULL = YES;
				CLANG_ANALYZER_NUMBER_OBJECT_CONVERSION = YES_AGGRESSIVE;
				CLANG_CXX_LANGUAGE_STANDARD = "gnu++20";
				CLANG_ENABLE_MODULES = YES;
				CLANG_ENABLE_OBJC_ARC = YES;
				CLANG_ENABLE_OBJC_WEAK = YES;
				CLANG_WARN_BLOCK_CAPTURE_AUTORELEASING = YES;
				CLANG_WARN_BOOL_CONVERSION = YES;
				CLANG_WARN_COMMA = YES;
				CLANG_WARN_CONSTANT_CONVERSION = YES;
				CLANG_WARN_DEPRECATED_OBJC_IMPLEMENTATIONS = YES;
				CLANG_WARN_DIRECT_OBJC_ISA_USAGE = YES_ERROR;
				CLANG_WARN_DOCUMENTATION_COMMENTS = YES;
				CLANG_WARN_EMPTY_BODY = YES;
				CLANG_WARN_ENUM_CONVERSION = YES;
				CLANG_WARN_INFINITE_RECURSION = YES;
				CLANG_WARN_INT_CONVERSION = YES;
				CLANG_WARN_NON_LITERAL_NULL_CONVERSION = YES;
				CLANG_WARN_OBJC_IMPLICIT_RETAIN_SELF = YES;
				CLANG_WARN_OBJC_LITERAL_CONVERSION = YES;
				CLANG_WARN_OBJC_ROOT_CLASS = YES_ERROR;
				CLANG_WARN_QUOTED_INCLUDE_IN_FRAMEWORK_HEADER = YES;
				CLANG_WARN_RANGE_LOOP_ANALYSIS = YES;
				CLANG_WARN_STRICT_PROTOTYPES = YES;
				CLANG_WARN_SUSPICIOUS_MOVE = YES;
				CLANG_WARN_UNGUARDED_AVAILABILITY = YES_AGGRESSIVE;
				CLANG_WARN_UNREACHABLE_CODE = YES;
				CLANG_WARN__DUPLICATE_METHOD_MATCH = YES;
				COPY_PHASE_STRIP = NO;
				DEBUG_INFORMATION_FORMAT = dwarf;
				ENABLE_STRICT_OBJC_MSGSEND = YES;
				ENABLE_TESTABILITY = YES;
				GCC_C_LANGUAGE_STANDARD = gnu11;
				GCC_DYNAMIC_NO_PIC = NO;
				GCC_NO_COMMON_BLOCKS = YES;
				GCC_OPTIMIZATION_LEVEL = 0;
				GCC_PREPROCESSOR_DEFINITIONS = (
					"DEBUG=1",
					"$(inherited)",
				);
				GCC_WARN_64_TO_32_BIT_CONVERSION = YES;
				GCC_WARN_ABOUT_RETURN_TYPE = YES_ERROR;
				GCC_WARN_UNDECLARED_SELECTOR = YES;
				GCC_WARN_UNINITIALIZED_AUTOS = YES_AGGRESSIVE;
				GCC_WARN_UNUSED_FUNCTION = YES;
				GCC_WARN_UNUSED_VARIABLE = YES;
				MACOSX_DEPLOYMENT_TARGET = 13.0;
				MTL_ENABLE_DEBUG_INFO = INCLUDE_SOURCE;
				MTL_FAST_MATH = YES;
				ONLY_ACTIVE_ARCH = YES;
				SDKROOT = macosx;
			};
			name = Debug;
		};
		94890DAF2981003E006EAB75 /* Release */ = {
			isa = XCBuildConfiguration;
			buildSettings = {
				ALWAYS_SEARCH_USER_PATHS = NO;
				CLANG_ANALYZER_NONNULL = YES;
				CLANG_ANALYZER_NUMBER_OBJECT_CONVERSION = YES_AGGRESSIVE;
				CLANG_CXX_LANGUAGE_STANDARD = "gnu++20";
				CLANG_ENABLE_MODULES = YES;
				CLANG_ENABLE_OBJC_ARC = YES;
				CLANG_ENABLE_OBJC_WEAK = YES;
				CLANG_WARN_BLOCK_CAPTURE_AUTORELEASING = YES;
				CLANG_WARN_BOOL_CONVERSION = YES;
				CLANG_WARN_COMMA = YES;
				CLANG_WARN_CONSTANT_CONVERSION = YES;
				CLANG_WARN_DEPRECATED_OBJC_IMPLEMENTATIONS = YES;
				CLANG_WARN_DIRECT_OBJC_ISA_USAGE = YES_ERROR;
				CLANG_WARN_DOCUMENTATION_COMMENTS = YES;
				CLANG_WARN_EMPTY_BODY = YES;
				CLANG_WARN_ENUM_CONVERSION = YES;
				CLANG_WARN_INFINITE_RECURSION = YES;
				CLANG_WARN_INT_CONVERSION = YES;
				CLANG_WARN_NON_LITERAL_NULL_CONVERSION = YES;
				CLANG_WARN_OBJC_IMPLICIT_RETAIN_SELF = YES;
				CLANG_WARN_OBJC_LITERAL_CONVERSION = YES;
				CLANG_WARN_OBJC_ROOT_CLASS = YES_ERROR;
				CLANG_WARN_QUOTED_INCLUDE_IN_FRAMEWORK_HEADER = YES;
				CLANG_WARN_RANGE_LOOP_ANALYSIS = YES;
				CLANG_WARN_STRICT_PROTOTYPES = YES;
				CLANG_WARN_SUSPICIOUS_MOVE = YES;
				CLANG_WARN_UNGUARDED_AVAILABILITY = YES_AGGRESSIVE;
				CLANG_WARN_UNREACHABLE_CODE = YES;
				CLANG_WARN__DUPLICATE_METHOD_MATCH = YES;
				COPY_PHASE_STRIP = NO;
				DEBUG_INFORMATION_FORMAT = "dwarf-with-dsym";
				ENABLE_NS_ASSERTIONS = NO;
				ENABLE_STRICT_OBJC_MSGSEND = YES;
				GCC_C_LANGUAGE_STANDARD = gnu11;
				GCC_NO_COMMON_BLOCKS = YES;
				GCC_WARN_64_TO_32_BIT_CONVERSION = YES;
				GCC_WARN_ABOUT_RETURN_TYPE = YES_ERROR;
				GCC_WARN_UNDECLARED_SELECTOR = YES;
				GCC_WARN_UNINITIALIZED_AUTOS = YES_AGGRESSIVE;
				GCC_WARN_UNUSED_FUNCTION = YES;
				GCC_WARN_UNUSED_VARIABLE = YES;
				MACOSX_DEPLOYMENT_TARGET = 13.0;
				MTL_ENABLE_DEBUG_INFO = NO;
				MTL_FAST_MATH = YES;
				SDKROOT = macosx;
			};
			name = Release;
		};
		94890DB12981003E006EAB75 /* Debug */ = {
			isa = XCBuildConfiguration;
			buildSettings = {
				ASSETCATALOG_COMPILER_APPICON_NAME = AppIcon;
				ASSETCATALOG_COMPILER_GLOBAL_ACCENT_COLOR_NAME = AccentColor;
				CODE_SIGN_ENTITLEMENTS = "obs-websocket-example/obs_websocket_example.entitlements";
				CODE_SIGN_STYLE = Automatic;
				COMBINE_HIDPI_IMAGES = YES;
				CURRENT_PROJECT_VERSION = 1;
				DEVELOPMENT_TEAM = 92RP9V4XB5;
				ENABLE_HARDENED_RUNTIME = YES;
				GENERATE_INFOPLIST_FILE = YES;
				INFOPLIST_KEY_NSHumanReadableCopyright = "";
				INFOPLIST_KEY_NSMainNibFile = MainMenu;
				INFOPLIST_KEY_NSPrincipalClass = NSApplication;
				LD_RUNPATH_SEARCH_PATHS = (
					"$(inherited)",
					"@executable_path/../Frameworks",
				);
				MARKETING_VERSION = 1.0;
				PRODUCT_BUNDLE_IDENTIFIER = "lrucker.obs-websocket-example";
				PRODUCT_NAME = "$(TARGET_NAME)";
				SWIFT_EMIT_LOC_STRINGS = YES;
			};
			name = Debug;
		};
		94890DB22981003E006EAB75 /* Release */ = {
			isa = XCBuildConfiguration;
			buildSettings = {
				ASSETCATALOG_COMPILER_APPICON_NAME = AppIcon;
				ASSETCATALOG_COMPILER_GLOBAL_ACCENT_COLOR_NAME = AccentColor;
				CODE_SIGN_ENTITLEMENTS = "obs-websocket-example/obs_websocket_example.entitlements";
				CODE_SIGN_STYLE = Automatic;
				COMBINE_HIDPI_IMAGES = YES;
				CURRENT_PROJECT_VERSION = 1;
				DEVELOPMENT_TEAM = 92RP9V4XB5;
				ENABLE_HARDENED_RUNTIME = YES;
				GENERATE_INFOPLIST_FILE = YES;
				INFOPLIST_KEY_NSHumanReadableCopyright = "";
				INFOPLIST_KEY_NSMainNibFile = MainMenu;
				INFOPLIST_KEY_NSPrincipalClass = NSApplication;
				LD_RUNPATH_SEARCH_PATHS = (
					"$(inherited)",
					"@executable_path/../Frameworks",
				);
				MARKETING_VERSION = 1.0;
				PRODUCT_BUNDLE_IDENTIFIER = "lrucker.obs-websocket-example";
				PRODUCT_NAME = "$(TARGET_NAME)";
				SWIFT_EMIT_LOC_STRINGS = YES;
			};
			name = Release;
		};
/* End XCBuildConfiguration section */

/* Begin XCConfigurationList section */
		94890D9B2981003D006EAB75 /* Build configuration list for PBXProject "obs-websocket-example" */ = {
			isa = XCConfigurationList;
			buildConfigurations = (
				94890DAE2981003E006EAB75 /* Debug */,
				94890DAF2981003E006EAB75 /* Release */,
			);
			defaultConfigurationIsVisible = 0;
			defaultConfigurationName = Release;
		};
		94890DB02981003E006EAB75 /* Build configuration list for PBXNativeTarget "obs-websocket-example" */ = {
			isa = XCConfigurationList;
			buildConfigurations = (
				94890DB12981003E006EAB75 /* Debug */,
				94890DB22981003E006EAB75 /* Release */,
			);
			defaultConfigurationIsVisible = 0;
			defaultConfigurationName = Release;
		};
/* End XCConfigurationList section */
	};
	rootObject = 94890D982981003D006EAB75 /* Project object */;
}
